
Microsoft Visual Studio Solution File, Format Version 12.00
# Visual Studio Version 17
VisualStudioVersion = 17.10.34916.146
MinimumVisualStudioVersion = 10.0.40219.1
Project("{FAE04EC0-301F-11D3-BF4B-00C04F79EFBC}") = "APS.Data", "APS.Data\APS.Data.csproj", "{E858E848-C962-4C74-BCF2-706D965AFDD1}"
EndProject
Project("{FAE04EC0-301F-11D3-BF4B-00C04F79EFBC}") = "APS.Web", "APS.Web\APS.Web.csproj", "{D373D78A-6988-40AB-8D40-71B99A67FE57}"
EndProject
Project("{FAE04EC0-301F-11D3-BF4B-00C04F79EFBC}") = "APS.Security", "APS.Security\APS.Security.csproj", "{12D90875-A896-4CFE-8780-A71021D56AB9}"
EndProject
Project("{2150E333-8FDC-42A3-9474-1A3956D46DE8}") = "Solution Items", "Solution Items", "{70635809-4F50-487A-A6B2-DE57744F94EE}"
	ProjectSection(SolutionItems) = preProject
		databse.sql = databse.sql
		entity_framework.sh = entity_framework.sh
		README.md = README.md
	EndProjectSection
EndProject
Global
	GlobalSection(SolutionConfigurationPlatforms) = preSolution
		Debug|Any CPU = Debug|Any CPU
		Release|Any CPU = Release|Any CPU
	EndGlobalSection
	GlobalSection(ProjectConfigurationPlatforms) = postSolution
		{E858E848-C962-4C74-BCF2-706D965AFDD1}.Debug|Any CPU.ActiveCfg = Debug|Any CPU
		{E858E848-C962-4C74-BCF2-706D965AFDD1}.Debug|Any CPU.Build.0 = Debug|Any CPU
		{E858E848-C962-4C74-BCF2-706D965AFDD1}.Release|Any CPU.ActiveCfg = Release|Any CPU
		{E858E848-C962-4C74-BCF2-706D965AFDD1}.Release|Any CPU.Build.0 = Release|Any CPU
		{D373D78A-6988-40AB-8D40-71B99A67FE57}.Debug|Any CPU.ActiveCfg = Debug|Any CPU
		{D373D78A-6988-40AB-8D40-71B99A67FE57}.Debug|Any CPU.Build.0 = Debug|Any CPU
		{D373D78A-6988-40AB-8D40-71B99A67FE57}.Release|Any CPU.ActiveCfg = Release|Any CPU
		{D373D78A-6988-40AB-8D40-71B99A67FE57}.Release|Any CPU.Build.0 = Release|Any CPU
		{12D90875-A896-4CFE-8780-A71021D56AB9}.Debug|Any CPU.ActiveCfg = Debug|Any CPU
		{12D90875-A896-4CFE-8780-A71021D56AB9}.Debug|Any CPU.Build.0 = Debug|Any CPU
		{12D90875-A896-4CFE-8780-A71021D56AB9}.Release|Any CPU.ActiveCfg = Release|Any CPU
		{12D90875-A896-4CFE-8780-A71021D56AB9}.Release|Any CPU.Build.0 = Release|Any CPU
	EndGlobalSection
	GlobalSection(SolutionProperties) = preSolution
		HideSolutionNode = FALSE
	EndGlobalSection
	GlobalSection(ExtensibilityGlobals) = postSolution
		SolutionGuid = {D8087141-4E2F-40B1-A119-1D27F23845B0}
	EndGlobalSection
EndGlobal
